
Microsoft Visual Studio Solution File, Format Version 12.00
# Visual Studio Version 16
VisualStudioVersion = 16.0.29905.134
MinimumVisualStudioVersion = 10.0.40219.1
Project("{8BC9CEB8-8B4A-11D0-8D11-00A0C91BC942}") = "28 (К11) 2", "28 (К11) 2\28 (К11) 2.vcxproj", "{4BEE4325-A8EE-461B-B475-F50487A4365C}"
EndProject
Global
	GlobalSection(SolutionConfigurationPlatforms) = preSolution
		Debug|x64 = Debug|x64
		Debug|x86 = Debug|x86
		Release|x64 = Release|x64
		Release|x86 = Release|x86
	EndGlobalSection
	GlobalSection(ProjectConfigurationPlatforms) = postSolution
		{4BEE4325-A8EE-461B-B475-F50487A4365C}.Debug|x64.ActiveCfg = Debug|x64
		{4BEE4325-A8EE-461B-B475-F50487A4365C}.Debug|x64.Build.0 = Debug|x64
		{4BEE4325-A8EE-461B-B475-F50487A4365C}.Debug|x86.ActiveCfg = Debug|Win32
		{4BEE4325-A8EE-461B-B475-F50487A4365C}.Debug|x86.Build.0 = Debug|Win32
		{4BEE4325-A8EE-461B-B475-F50487A4365C}.Release|x64.ActiveCfg = Release|x64
		{4BEE4325-A8EE-461B-B475-F50487A4365C}.Release|x64.Build.0 = Release|x64
		{4BEE4325-A8EE-461B-B475-F50487A4365C}.Release|x86.ActiveCfg = Release|Win32
		{4BEE4325-A8EE-461B-B475-F50487A4365C}.Release|x86.Build.0 = Release|Win32
	EndGlobalSection
	GlobalSection(SolutionProperties) = preSolution
		HideSolutionNode = FALSE
	EndGlobalSection
	GlobalSection(ExtensibilityGlobals) = postSolution
		SolutionGuid = {E64B6BAD-5743-414A-A7FF-A675A8F35D92}
	EndGlobalSection
EndGlobal
