
Microsoft Visual Studio Solution File, Format Version 12.00
# Visual Studio Version 16
VisualStudioVersion = 16.0.29905.134
MinimumVisualStudioVersion = 10.0.40219.1
Project("{8BC9CEB8-8B4A-11D0-8D11-00A0C91BC942}") = "29 (К12) 1", "29 (К12) 1\29 (К12) 1.vcxproj", "{A045EE16-7155-4B86-9B0A-717CC29352DA}"
EndProject
Global
	GlobalSection(SolutionConfigurationPlatforms) = preSolution
		Debug|x64 = Debug|x64
		Debug|x86 = Debug|x86
		Release|x64 = Release|x64
		Release|x86 = Release|x86
	EndGlobalSection
	GlobalSection(ProjectConfigurationPlatforms) = postSolution
		{A045EE16-7155-4B86-9B0A-717CC29352DA}.Debug|x64.ActiveCfg = Debug|x64
		{A045EE16-7155-4B86-9B0A-717CC29352DA}.Debug|x64.Build.0 = Debug|x64
		{A045EE16-7155-4B86-9B0A-717CC29352DA}.Debug|x86.ActiveCfg = Debug|Win32
		{A045EE16-7155-4B86-9B0A-717CC29352DA}.Debug|x86.Build.0 = Debug|Win32
		{A045EE16-7155-4B86-9B0A-717CC29352DA}.Release|x64.ActiveCfg = Release|x64
		{A045EE16-7155-4B86-9B0A-717CC29352DA}.Release|x64.Build.0 = Release|x64
		{A045EE16-7155-4B86-9B0A-717CC29352DA}.Release|x86.ActiveCfg = Release|Win32
		{A045EE16-7155-4B86-9B0A-717CC29352DA}.Release|x86.Build.0 = Release|Win32
	EndGlobalSection
	GlobalSection(SolutionProperties) = preSolution
		HideSolutionNode = FALSE
	EndGlobalSection
	GlobalSection(ExtensibilityGlobals) = postSolution
		SolutionGuid = {6669A855-0019-413B-A19A-248D014AF499}
	EndGlobalSection
EndGlobal
